{
    "requires": true,
    "lockfileVersion": 1,
    "dependencies": {
        "@fortawesome/fontawesome-free": {
            "version": "5.13.0",
            "resolved": "https://registry.npmjs.org/@fortawesome/fontawesome-free/-/fontawesome-free-5.13.0.tgz",
            "integrity": "sha512-xKOeQEl5O47GPZYIMToj6uuA2syyFlq9EMSl2ui0uytjY9xbe8XS0pexNWmxrdcCyNGyDmLyYw5FtKsalBUeOg=="
        },
        "icheck-bootstrap": {
            "version": "3.0.1",
            "resolved": "https://registry.npmjs.org/icheck-bootstrap/-/icheck-bootstrap-3.0.1.tgz",
            "integrity": "sha512-Rj3SybdcMcayhsP4IJ+hmCNgCKclaFcs/5zwCuLXH1WMo468NegjhZVxbSNKhEjJjnwc4gKETogUmPYSQ9lEZQ=="
        },
        "overlayscrollbars": {
            "version": "1.12.0",
            "resolved": "https://registry.npmjs.org/overlayscrollbars/-/overlayscrollbars-1.12.0.tgz",
            "integrity": "sha512-zJGYLeBfaPx2VmiDfBMNTPzm9N8w8wZ6M7dm1ee8TGuet8tsK4nxOzGvEEu0SmueqMHQxhLsstf7iTWCGiYa9Q=="
        }
    }
}
